
Microsoft Visual Studio Solution File, Format Version 12.00
# Visual Studio Version 17
VisualStudioVersion = 17.10.35004.147
MinimumVisualStudioVersion = 10.0.40219.1
Project("{FAE04EC0-301F-11D3-BF4B-00C04F79EFBC}") = "Q1", "Q1\Q1.csproj", "{A669E400-D69D-4A3F-A29B-27762C05E1E8}"
EndProject
Project("{FAE04EC0-301F-11D3-BF4B-00C04F79EFBC}") = "Q2", "Q2\Q2.csproj", "{4499C509-756E-421C-A8FB-C7ED63EF0174}"
EndProject
Project("{FAE04EC0-301F-11D3-BF4B-00C04F79EFBC}") = "MVcCau2", "MVcCau2\MVcCau2.csproj", "{EF0F814F-6B57-4DC0-B94B-16F47B2E4D85}"
EndProject
Global
	GlobalSection(SolutionConfigurationPlatforms) = preSolution
		Debug|Any CPU = Debug|Any CPU
		Release|Any CPU = Release|Any CPU
	EndGlobalSection
	GlobalSection(ProjectConfigurationPlatforms) = postSolution
		{A669E400-D69D-4A3F-A29B-27762C05E1E8}.Debug|Any CPU.ActiveCfg = Debug|Any CPU
		{A669E400-D69D-4A3F-A29B-27762C05E1E8}.Debug|Any CPU.Build.0 = Debug|Any CPU
		{A669E400-D69D-4A3F-A29B-27762C05E1E8}.Release|Any CPU.ActiveCfg = Release|Any CPU
		{A669E400-D69D-4A3F-A29B-27762C05E1E8}.Release|Any CPU.Build.0 = Release|Any CPU
		{4499C509-756E-421C-A8FB-C7ED63EF0174}.Debug|Any CPU.ActiveCfg = Debug|Any CPU
		{4499C509-756E-421C-A8FB-C7ED63EF0174}.Debug|Any CPU.Build.0 = Debug|Any CPU
		{4499C509-756E-421C-A8FB-C7ED63EF0174}.Release|Any CPU.ActiveCfg = Release|Any CPU
		{4499C509-756E-421C-A8FB-C7ED63EF0174}.Release|Any CPU.Build.0 = Release|Any CPU
		{EF0F814F-6B57-4DC0-B94B-16F47B2E4D85}.Debug|Any CPU.ActiveCfg = Debug|Any CPU
		{EF0F814F-6B57-4DC0-B94B-16F47B2E4D85}.Debug|Any CPU.Build.0 = Debug|Any CPU
		{EF0F814F-6B57-4DC0-B94B-16F47B2E4D85}.Release|Any CPU.ActiveCfg = Release|Any CPU
		{EF0F814F-6B57-4DC0-B94B-16F47B2E4D85}.Release|Any CPU.Build.0 = Release|Any CPU
	EndGlobalSection
	GlobalSection(SolutionProperties) = preSolution
		HideSolutionNode = FALSE
	EndGlobalSection
	GlobalSection(ExtensibilityGlobals) = postSolution
		SolutionGuid = {8E69D57C-04DC-49D6-BC53-8516C4C66233}
	EndGlobalSection
EndGlobal
